
Microsoft Visual Studio Solution File, Format Version 12.00
# Visual Studio Version 17
VisualStudioVersion = 17.5.33516.290
MinimumVisualStudioVersion = 10.0.40219.1
Project("{FAE04EC0-301F-11D3-BF4B-00C04F79EFBC}") = "RapMusic", "RapMusic\RapMusic.csproj", "{89D61075-CCA1-40EA-8EF2-A1A03E1E872A}"
EndProject
Global
	GlobalSection(SolutionConfigurationPlatforms) = preSolution
		Debug|Any CPU = Debug|Any CPU
		Release|Any CPU = Release|Any CPU
	EndGlobalSection
	GlobalSection(ProjectConfigurationPlatforms) = postSolution
		{89D61075-CCA1-40EA-8EF2-A1A03E1E872A}.Debug|Any CPU.ActiveCfg = Debug|Any CPU
		{89D61075-CCA1-40EA-8EF2-A1A03E1E872A}.Debug|Any CPU.Build.0 = Debug|Any CPU
		{89D61075-CCA1-40EA-8EF2-A1A03E1E872A}.Debug|Any CPU.Deploy.0 = Debug|Any CPU
		{89D61075-CCA1-40EA-8EF2-A1A03E1E872A}.Release|Any CPU.ActiveCfg = Release|Any CPU
		{89D61075-CCA1-40EA-8EF2-A1A03E1E872A}.Release|Any CPU.Build.0 = Release|Any CPU
		{89D61075-CCA1-40EA-8EF2-A1A03E1E872A}.Release|Any CPU.Deploy.0 = Release|Any CPU
	EndGlobalSection
	GlobalSection(SolutionProperties) = preSolution
		HideSolutionNode = FALSE
	EndGlobalSection
	GlobalSection(ExtensibilityGlobals) = postSolution
		SolutionGuid = {DC1C1748-34A9-486C-B582-CB67E75D7E51}
	EndGlobalSection
EndGlobal
